
Microsoft Visual Studio Solution File, Format Version 12.00
# Visual Studio Version 17
VisualStudioVersion = 17.10.34916.146
MinimumVisualStudioVersion = 10.0.40219.1
Project("{8BC9CEB8-8B4A-11D0-8D11-00A0C91BC942}") = "PP_lab3", "PP_lab3\PP_lab3.vcxproj", "{CECC75CA-57F9-4636-8DFE-377221DF9BD5}"
EndProject
Project("{8BC9CEB8-8B4A-11D0-8D11-00A0C91BC942}") = "PP_lab3_Jacobi", "PP_lab3_Jacobi\PP_lab3_Jacobi.vcxproj", "{F095A4C2-FEEC-4486-9DD7-2858B7F4DC82}"
EndProject
Project("{8BC9CEB8-8B4A-11D0-8D11-00A0C91BC942}") = "PP_lab3_examples", "PP_lab3_examples\PP_lab3_examples.vcxproj", "{AAF94C63-B413-41FF-88E0-6AA81D8AC049}"
EndProject
Global
	GlobalSection(SolutionConfigurationPlatforms) = preSolution
		Debug|x64 = Debug|x64
		Debug|x86 = Debug|x86
		Release|x64 = Release|x64
		Release|x86 = Release|x86
	EndGlobalSection
	GlobalSection(ProjectConfigurationPlatforms) = postSolution
		{CECC75CA-57F9-4636-8DFE-377221DF9BD5}.Debug|x64.ActiveCfg = Debug|x64
		{CECC75CA-57F9-4636-8DFE-377221DF9BD5}.Debug|x64.Build.0 = Debug|x64
		{CECC75CA-57F9-4636-8DFE-377221DF9BD5}.Debug|x86.ActiveCfg = Debug|Win32
		{CECC75CA-57F9-4636-8DFE-377221DF9BD5}.Debug|x86.Build.0 = Debug|Win32
		{CECC75CA-57F9-4636-8DFE-377221DF9BD5}.Release|x64.ActiveCfg = Release|x64
		{CECC75CA-57F9-4636-8DFE-377221DF9BD5}.Release|x64.Build.0 = Release|x64
		{CECC75CA-57F9-4636-8DFE-377221DF9BD5}.Release|x86.ActiveCfg = Release|Win32
		{CECC75CA-57F9-4636-8DFE-377221DF9BD5}.Release|x86.Build.0 = Release|Win32
		{F095A4C2-FEEC-4486-9DD7-2858B7F4DC82}.Debug|x64.ActiveCfg = Debug|x64
		{F095A4C2-FEEC-4486-9DD7-2858B7F4DC82}.Debug|x64.Build.0 = Debug|x64
		{F095A4C2-FEEC-4486-9DD7-2858B7F4DC82}.Debug|x86.ActiveCfg = Debug|Win32
		{F095A4C2-FEEC-4486-9DD7-2858B7F4DC82}.Debug|x86.Build.0 = Debug|Win32
		{F095A4C2-FEEC-4486-9DD7-2858B7F4DC82}.Release|x64.ActiveCfg = Release|x64
		{F095A4C2-FEEC-4486-9DD7-2858B7F4DC82}.Release|x64.Build.0 = Release|x64
		{F095A4C2-FEEC-4486-9DD7-2858B7F4DC82}.Release|x86.ActiveCfg = Release|Win32
		{F095A4C2-FEEC-4486-9DD7-2858B7F4DC82}.Release|x86.Build.0 = Release|Win32
		{AAF94C63-B413-41FF-88E0-6AA81D8AC049}.Debug|x64.ActiveCfg = Debug|x64
		{AAF94C63-B413-41FF-88E0-6AA81D8AC049}.Debug|x64.Build.0 = Debug|x64
		{AAF94C63-B413-41FF-88E0-6AA81D8AC049}.Debug|x86.ActiveCfg = Debug|Win32
		{AAF94C63-B413-41FF-88E0-6AA81D8AC049}.Debug|x86.Build.0 = Debug|Win32
		{AAF94C63-B413-41FF-88E0-6AA81D8AC049}.Release|x64.ActiveCfg = Release|x64
		{AAF94C63-B413-41FF-88E0-6AA81D8AC049}.Release|x64.Build.0 = Release|x64
		{AAF94C63-B413-41FF-88E0-6AA81D8AC049}.Release|x86.ActiveCfg = Release|Win32
		{AAF94C63-B413-41FF-88E0-6AA81D8AC049}.Release|x86.Build.0 = Release|Win32
	EndGlobalSection
	GlobalSection(SolutionProperties) = preSolution
		HideSolutionNode = FALSE
	EndGlobalSection
	GlobalSection(ExtensibilityGlobals) = postSolution
		SolutionGuid = {2A6F7667-036C-410C-972A-1C9A2CCA39FC}
	EndGlobalSection
EndGlobal
